PODS:
  - IQKeyboardManagerSwift (6.5.10)
  - Realm (10.28.6):
    - Realm/Headers (= 10.28.6)
  - Realm/Headers (10.28.6)
  - RealmSwift (10.28.6):
    - Realm (= 10.28.6)
  - Reveal-SDK (37)

DEPENDENCIES:
  - IQKeyboardManagerSwift
  - RealmSwift (~> 10)
  - Reveal-SDK (= 37)

SPEC REPOS:
  trunk:
    - IQKeyboardManagerSwift
    - Realm
    - RealmSwift
    - Reveal-SDK

SPEC CHECKSUMS:
  IQKeyboardManagerSwift: 52962c76ab33532f15ad9f3ff4e5715eda5335bb
  Realm: 9b12f16a14446d7d46a9e36225d0a0332a6ec739
  RealmSwift: 5927726fce21005f43b1fb57c832297a22031bfc
  Reveal-SDK: 3d0eaebe2c2862b39a8341920e5cab305fbc01ca

PODFILE CHECKSUM: 98d1b36dc5eba2c0569bb6cca4b362e80e93f152

COCOAPODS: 1.11.3
